
Microsoft Visual Studio Solution File, Format Version 12.00
# Visual Studio 15
VisualStudioVersion = 15.0.27004.2009
MinimumVisualStudioVersion = 10.0.40219.1
Project("{8BC9CEB8-8B4A-11D0-8D11-00A0C91BC942}") = "AlgorithmTermination", "AlgorithmTermination\AlgorithmTermination.vcxproj", "{B73201E7-DA56-4D41-971A-372F553D9C1B}"
EndProject
Project("{8BC9CEB8-8B4A-11D0-8D11-00A0C91BC942}") = "AlgorithmTermination.UnitTest", "AlgorithmTermination.UnitTest\AlgorithmTermination.UnitTest.vcxproj", "{7B676A72-5B03-4898-ABA4-9B39CA887548}"
EndProject
Global
	GlobalSection(SolutionConfigurationPlatforms) = preSolution
		Debug|x64 = Debug|x64
		Debug|x86 = Debug|x86
		Release|x64 = Release|x64
		Release|x86 = Release|x86
	EndGlobalSection
	GlobalSection(ProjectConfigurationPlatforms) = postSolution
		{B73201E7-DA56-4D41-971A-372F553D9C1B}.Debug|x64.ActiveCfg = Debug|x64
		{B73201E7-DA56-4D41-971A-372F553D9C1B}.Debug|x64.Build.0 = Debug|x64
		{B73201E7-DA56-4D41-971A-372F553D9C1B}.Debug|x86.ActiveCfg = Debug|Win32
		{B73201E7-DA56-4D41-971A-372F553D9C1B}.Debug|x86.Build.0 = Debug|Win32
		{B73201E7-DA56-4D41-971A-372F553D9C1B}.Release|x64.ActiveCfg = Release|x64
		{B73201E7-DA56-4D41-971A-372F553D9C1B}.Release|x64.Build.0 = Release|x64
		{B73201E7-DA56-4D41-971A-372F553D9C1B}.Release|x86.ActiveCfg = Release|Win32
		{B73201E7-DA56-4D41-971A-372F553D9C1B}.Release|x86.Build.0 = Release|Win32
		{7B676A72-5B03-4898-ABA4-9B39CA887548}.Debug|x64.ActiveCfg = Debug|x64
		{7B676A72-5B03-4898-ABA4-9B39CA887548}.Debug|x64.Build.0 = Debug|x64
		{7B676A72-5B03-4898-ABA4-9B39CA887548}.Debug|x86.ActiveCfg = Debug|Win32
		{7B676A72-5B03-4898-ABA4-9B39CA887548}.Debug|x86.Build.0 = Debug|Win32
		{7B676A72-5B03-4898-ABA4-9B39CA887548}.Release|x64.ActiveCfg = Release|x64
		{7B676A72-5B03-4898-ABA4-9B39CA887548}.Release|x64.Build.0 = Release|x64
		{7B676A72-5B03-4898-ABA4-9B39CA887548}.Release|x86.ActiveCfg = Release|Win32
		{7B676A72-5B03-4898-ABA4-9B39CA887548}.Release|x86.Build.0 = Release|Win32
	EndGlobalSection
	GlobalSection(SolutionProperties) = preSolution
		HideSolutionNode = FALSE
	EndGlobalSection
	GlobalSection(ExtensibilityGlobals) = postSolution
		SolutionGuid = {2851A630-A4B2-46CE-BD07-8E89727CF6A3}
	EndGlobalSection
EndGlobal
